{
  "name": "docker-image-futuopend",
  "version": "2.0.0",
  "lockfileVersion": 3,
  "requires": true,
  "packages": {
    "": {
      "version": "2.0.0",
      "dependencies": {
        "@ostai/env": "^1.1.2",
        "node-pty": "^1.0.0",
        "ws": "^8.18.2"
      },
      "devDependencies": {
        "find-free-ports": "^3.1.1"
      }
    },
    "node_modules/@ostai/env": {
      "version": "1.1.2",
      "resolved": "https://registry.npmjs.org/@ostai/env/-/env-1.1.2.tgz",
      "integrity": "sha512-oHpoO1jsT1xL15/jDU6fw0fZbWYi2UzWEm96BxNEJvZMzmcBF1tRIwY8YVaHK1WDnrl26Dlts2JgiDAaHp7ZAA==",
      "license": "MIT",
      "dependencies": {
        "make-array": "^1.0.5"
      },
      "engines": {
        "node": ">= 6"
      }
    },
    "node_modules/find-free-ports": {
      "version": "3.1.1",
      "resolved": "https://registry.npmjs.org/find-free-ports/-/find-free-ports-3.1.1.tgz",
      "integrity": "sha512-hQebewth9i5qkf0a0u06iFaxQssk5ZnPBBggsa1vk8zCYaZoz9IZXpoRLTbEOrYdqfrjvcxU00gYoCPgmXugKA==",
      "dev": true,
      "license": "MIT"
    },
    "node_modules/make-array": {
      "version": "1.0.5",
      "resolved": "https://registry.npmjs.org/make-array/-/make-array-1.0.5.tgz",
      "integrity": "sha512-sgK2SAzxT19rWU+qxKUcn6PAh/swiIiz2F8C2cZjLc1z4iwYIfdoihqFIDQ8BDzAGtWPYJ6Sr13K1j/DXynDLA==",
      "engines": {
        "node": ">=0.10.0"
      }
    },
    "node_modules/nan": {
      "version": "2.22.0",
      "resolved": "https://registry.npmjs.org/nan/-/nan-2.22.0.tgz",
      "integrity": "sha512-nbajikzWTMwsW+eSsNm3QwlOs7het9gGJU5dDZzRTQGk03vyBOauxgI4VakDzE0PtsGTmXPsXTbbjVhRwR5mpw==",
      "license": "MIT"
    },
    "node_modules/node-pty": {
      "version": "1.0.0",
      "resolved": "https://registry.npmjs.org/node-pty/-/node-pty-1.0.0.tgz",
      "integrity": "sha512-wtBMWWS7dFZm/VgqElrTvtfMq4GzJ6+edFI0Y0zyzygUSZMgZdraDUMUhCIvkjhJjme15qWmbyJbtAx4ot4uZA==",
      "hasInstallScript": true,
      "license": "MIT",
      "dependencies": {
        "nan": "^2.17.0"
      }
    },
    "node_modules/ws": {
      "version": "8.18.2",
      "resolved": "https://registry.npmjs.org/ws/-/ws-8.18.2.tgz",
      "integrity": "sha512-DMricUmwGZUVr++AEAe2uiVM7UoO9MAVZMDu05UQOaUII0lp+zOzLLU4Xqh/JvTqklB1T4uELaaPBKyjE1r4fQ==",
      "license": "MIT",
      "engines": {
        "node": ">=10.0.0"
      },
      "peerDependencies": {
        "bufferutil": "^4.0.1",
        "utf-8-validate": ">=5.0.2"
      },
      "peerDependenciesMeta": {
        "bufferutil": {
          "optional": true
        },
        "utf-8-validate": {
          "optional": true
        }
      }
    }
  }
}
